
Microsoft Visual Studio Solution File, Format Version 12.00
# Visual Studio Version 16
VisualStudioVersion = 16.0.31702.278
MinimumVisualStudioVersion = 10.0.40219.1
Project("{FAE04EC0-301F-11D3-BF4B-00C04F79EFBC}") = "DHCPfeladat", "DHCPfeladat\DHCPfeladat.csproj", "{4E6A6013-1B50-4946-AC69-B7D24A004A67}"
EndProject
Global
	GlobalSection(SolutionConfigurationPlatforms) = preSolution
		Debug|Any CPU = Debug|Any CPU
		Release|Any CPU = Release|Any CPU
	EndGlobalSection
	GlobalSection(ProjectConfigurationPlatforms) = postSolution
		{4E6A6013-1B50-4946-AC69-B7D24A004A67}.Debug|Any CPU.ActiveCfg = Debug|Any CPU
		{4E6A6013-1B50-4946-AC69-B7D24A004A67}.Debug|Any CPU.Build.0 = Debug|Any CPU
		{4E6A6013-1B50-4946-AC69-B7D24A004A67}.Release|Any CPU.ActiveCfg = Release|Any CPU
		{4E6A6013-1B50-4946-AC69-B7D24A004A67}.Release|Any CPU.Build.0 = Release|Any CPU
	EndGlobalSection
	GlobalSection(SolutionProperties) = preSolution
		HideSolutionNode = FALSE
	EndGlobalSection
	GlobalSection(ExtensibilityGlobals) = postSolution
		SolutionGuid = {DAD8C01C-B892-470C-BAD0-FA94245C65B1}
	EndGlobalSection
EndGlobal
